
Microsoft Visual Studio Solution File, Format Version 12.00
# Visual Studio Version 17
VisualStudioVersion = 17.10.35027.167
MinimumVisualStudioVersion = 10.0.40219.1
Project("{2150E333-8FDC-42A3-9474-1A3956D46DE8}") = "00_Viewmodel", "00_Viewmodel", "{B87A730B-9CDB-4FDD-818E-F4D6CE9091CB}"
EndProject
Project("{2150E333-8FDC-42A3-9474-1A3956D46DE8}") = "10_Model", "10_Model", "{6AF35C65-A014-4B73-945C-6730831A8790}"
EndProject
Project("{2150E333-8FDC-42A3-9474-1A3956D46DE8}") = "20_Mouse", "20_Mouse", "{FADE8784-9BD1-45A9-8E04-45C1B101A740}"
EndProject
Project("{2150E333-8FDC-42A3-9474-1A3956D46DE8}") = "30_Tool", "30_Tool", "{9EAECDA4-7DAD-4ADE-ACDC-29A50ED65768}"
EndProject
Project("{2150E333-8FDC-42A3-9474-1A3956D46DE8}") = "40_Export", "40_Export", "{7C6EBC07-EF61-47AD-A23F-F85CBE838B44}"
EndProject
Project("{2150E333-8FDC-42A3-9474-1A3956D46DE8}") = "50_Pan_Zoom", "50_Pan_Zoom", "{1F1AE6F2-2DAF-41B5-92EB-F9A9192FA4F1}"
EndProject
Project("{9A19103F-16F7-4668-BE54-9A1E7A4F7556}") = "01", "01\01.csproj", "{4505DF58-299F-481C-B6BA-50A33EE0DC03}"
EndProject
Project("{9A19103F-16F7-4668-BE54-9A1E7A4F7556}") = "02", "02\02.csproj", "{E264001F-7CC8-48F3-848D-EFA903BDF071}"
EndProject
Project("{9A19103F-16F7-4668-BE54-9A1E7A4F7556}") = "11", "11\11.csproj", "{BF3279DD-8B5E-4149-806A-CA0BCE2C07A1}"
EndProject
Project("{9A19103F-16F7-4668-BE54-9A1E7A4F7556}") = "12", "12\12.csproj", "{EFA6D435-BAD2-4507-9F39-A22056C7CA4D}"
EndProject
Project("{9A19103F-16F7-4668-BE54-9A1E7A4F7556}") = "13", "13\13.csproj", "{F798999F-09D7-408C-9D6E-0ADD45939A34}"
EndProject
Project("{9A19103F-16F7-4668-BE54-9A1E7A4F7556}") = "21", "21\21.csproj", "{ED8FC2D8-A021-4954-9D0D-8183117ECC8E}"
EndProject
Project("{9A19103F-16F7-4668-BE54-9A1E7A4F7556}") = "31", "31\31.csproj", "{BA2E38CC-840D-4C88-A7EC-DEEFA5D99580}"
EndProject
Project("{9A19103F-16F7-4668-BE54-9A1E7A4F7556}") = "32", "32\32.csproj", "{A5CF7F0F-AF6B-41F5-83CB-5713183B9F79}"
EndProject
Project("{9A19103F-16F7-4668-BE54-9A1E7A4F7556}") = "41", "41\41.csproj", "{A49F4C0C-51B8-4B51-B719-B078766FD315}"
EndProject
Project("{9A19103F-16F7-4668-BE54-9A1E7A4F7556}") = "51", "51\51.csproj", "{DC570D92-C990-44F7-92FD-12628BE56317}"
EndProject
Project("{2150E333-8FDC-42A3-9474-1A3956D46DE8}") = "솔루션 항목", "솔루션 항목", "{6FE06F82-32B3-4030-853F-C26EF22DCF4E}"
	ProjectSection(SolutionItems) = preProject
		opening.pptx = opening.pptx
		script.txt = script.txt
	EndProjectSection
EndProject
Project("{9A19103F-16F7-4668-BE54-9A1E7A4F7556}") = "Blazor", "Blazor\Blazor\Blazor.csproj", "{89C46F30-273F-40CC-AC69-018B517EC7AE}"
EndProject
Project("{9A19103F-16F7-4668-BE54-9A1E7A4F7556}") = "Blazor.Client", "Blazor\Blazor.Client\Blazor.Client.csproj", "{32763803-6390-4DA8-9A8C-554C63F5DC5F}"
EndProject
Project("{FAE04EC0-301F-11D3-BF4B-00C04F79EFBC}") = "WinFormsApp1", "WinFormsApp1\WinFormsApp1.csproj", "{134A7013-30F6-461A-8BC5-01F1F32B2691}"
EndProject
Global
	GlobalSection(SolutionConfigurationPlatforms) = preSolution
		Debug|Any CPU = Debug|Any CPU
		Debug|x64 = Debug|x64
		Debug|x86 = Debug|x86
		Release|Any CPU = Release|Any CPU
		Release|x64 = Release|x64
		Release|x86 = Release|x86
	EndGlobalSection
	GlobalSection(ProjectConfigurationPlatforms) = postSolution
		{4505DF58-299F-481C-B6BA-50A33EE0DC03}.Debug|Any CPU.ActiveCfg = Debug|Any CPU
		{4505DF58-299F-481C-B6BA-50A33EE0DC03}.Debug|Any CPU.Build.0 = Debug|Any CPU
		{4505DF58-299F-481C-B6BA-50A33EE0DC03}.Debug|x64.ActiveCfg = Debug|Any CPU
		{4505DF58-299F-481C-B6BA-50A33EE0DC03}.Debug|x64.Build.0 = Debug|Any CPU
		{4505DF58-299F-481C-B6BA-50A33EE0DC03}.Debug|x86.ActiveCfg = Debug|Any CPU
		{4505DF58-299F-481C-B6BA-50A33EE0DC03}.Debug|x86.Build.0 = Debug|Any CPU
		{4505DF58-299F-481C-B6BA-50A33EE0DC03}.Release|Any CPU.ActiveCfg = Release|Any CPU
		{4505DF58-299F-481C-B6BA-50A33EE0DC03}.Release|Any CPU.Build.0 = Release|Any CPU
		{4505DF58-299F-481C-B6BA-50A33EE0DC03}.Release|x64.ActiveCfg = Release|Any CPU
		{4505DF58-299F-481C-B6BA-50A33EE0DC03}.Release|x64.Build.0 = Release|Any CPU
		{4505DF58-299F-481C-B6BA-50A33EE0DC03}.Release|x86.ActiveCfg = Release|Any CPU
		{4505DF58-299F-481C-B6BA-50A33EE0DC03}.Release|x86.Build.0 = Release|Any CPU
		{E264001F-7CC8-48F3-848D-EFA903BDF071}.Debug|Any CPU.ActiveCfg = Debug|Any CPU
		{E264001F-7CC8-48F3-848D-EFA903BDF071}.Debug|Any CPU.Build.0 = Debug|Any CPU
		{E264001F-7CC8-48F3-848D-EFA903BDF071}.Debug|x64.ActiveCfg = Debug|Any CPU
		{E264001F-7CC8-48F3-848D-EFA903BDF071}.Debug|x64.Build.0 = Debug|Any CPU
		{E264001F-7CC8-48F3-848D-EFA903BDF071}.Debug|x86.ActiveCfg = Debug|Any CPU
		{E264001F-7CC8-48F3-848D-EFA903BDF071}.Debug|x86.Build.0 = Debug|Any CPU
		{E264001F-7CC8-48F3-848D-EFA903BDF071}.Release|Any CPU.ActiveCfg = Release|Any CPU
		{E264001F-7CC8-48F3-848D-EFA903BDF071}.Release|Any CPU.Build.0 = Release|Any CPU
		{E264001F-7CC8-48F3-848D-EFA903BDF071}.Release|x64.ActiveCfg = Release|Any CPU
		{E264001F-7CC8-48F3-848D-EFA903BDF071}.Release|x64.Build.0 = Release|Any CPU
		{E264001F-7CC8-48F3-848D-EFA903BDF071}.Release|x86.ActiveCfg = Release|Any CPU
		{E264001F-7CC8-48F3-848D-EFA903BDF071}.Release|x86.Build.0 = Release|Any CPU
		{BF3279DD-8B5E-4149-806A-CA0BCE2C07A1}.Debug|Any CPU.ActiveCfg = Debug|Any CPU
		{BF3279DD-8B5E-4149-806A-CA0BCE2C07A1}.Debug|Any CPU.Build.0 = Debug|Any CPU
		{BF3279DD-8B5E-4149-806A-CA0BCE2C07A1}.Debug|x64.ActiveCfg = Debug|Any CPU
		{BF3279DD-8B5E-4149-806A-CA0BCE2C07A1}.Debug|x64.Build.0 = Debug|Any CPU
		{BF3279DD-8B5E-4149-806A-CA0BCE2C07A1}.Debug|x86.ActiveCfg = Debug|Any CPU
		{BF3279DD-8B5E-4149-806A-CA0BCE2C07A1}.Debug|x86.Build.0 = Debug|Any CPU
		{BF3279DD-8B5E-4149-806A-CA0BCE2C07A1}.Release|Any CPU.ActiveCfg = Release|Any CPU
		{BF3279DD-8B5E-4149-806A-CA0BCE2C07A1}.Release|Any CPU.Build.0 = Release|Any CPU
		{BF3279DD-8B5E-4149-806A-CA0BCE2C07A1}.Release|x64.ActiveCfg = Release|Any CPU
		{BF3279DD-8B5E-4149-806A-CA0BCE2C07A1}.Release|x64.Build.0 = Release|Any CPU
		{BF3279DD-8B5E-4149-806A-CA0BCE2C07A1}.Release|x86.ActiveCfg = Release|Any CPU
		{BF3279DD-8B5E-4149-806A-CA0BCE2C07A1}.Release|x86.Build.0 = Release|Any CPU
		{EFA6D435-BAD2-4507-9F39-A22056C7CA4D}.Debug|Any CPU.ActiveCfg = Debug|Any CPU
		{EFA6D435-BAD2-4507-9F39-A22056C7CA4D}.Debug|Any CPU.Build.0 = Debug|Any CPU
		{EFA6D435-BAD2-4507-9F39-A22056C7CA4D}.Debug|x64.ActiveCfg = Debug|Any CPU
		{EFA6D435-BAD2-4507-9F39-A22056C7CA4D}.Debug|x64.Build.0 = Debug|Any CPU
		{EFA6D435-BAD2-4507-9F39-A22056C7CA4D}.Debug|x86.ActiveCfg = Debug|Any CPU
		{EFA6D435-BAD2-4507-9F39-A22056C7CA4D}.Debug|x86.Build.0 = Debug|Any CPU
		{EFA6D435-BAD2-4507-9F39-A22056C7CA4D}.Release|Any CPU.ActiveCfg = Release|Any CPU
		{EFA6D435-BAD2-4507-9F39-A22056C7CA4D}.Release|Any CPU.Build.0 = Release|Any CPU
		{EFA6D435-BAD2-4507-9F39-A22056C7CA4D}.Release|x64.ActiveCfg = Release|Any CPU
		{EFA6D435-BAD2-4507-9F39-A22056C7CA4D}.Release|x64.Build.0 = Release|Any CPU
		{EFA6D435-BAD2-4507-9F39-A22056C7CA4D}.Release|x86.ActiveCfg = Release|Any CPU
		{EFA6D435-BAD2-4507-9F39-A22056C7CA4D}.Release|x86.Build.0 = Release|Any CPU
		{F798999F-09D7-408C-9D6E-0ADD45939A34}.Debug|Any CPU.ActiveCfg = Debug|Any CPU
		{F798999F-09D7-408C-9D6E-0ADD45939A34}.Debug|Any CPU.Build.0 = Debug|Any CPU
		{F798999F-09D7-408C-9D6E-0ADD45939A34}.Debug|x64.ActiveCfg = Debug|Any CPU
		{F798999F-09D7-408C-9D6E-0ADD45939A34}.Debug|x64.Build.0 = Debug|Any CPU
		{F798999F-09D7-408C-9D6E-0ADD45939A34}.Debug|x86.ActiveCfg = Debug|Any CPU
		{F798999F-09D7-408C-9D6E-0ADD45939A34}.Debug|x86.Build.0 = Debug|Any CPU
		{F798999F-09D7-408C-9D6E-0ADD45939A34}.Release|Any CPU.ActiveCfg = Release|Any CPU
		{F798999F-09D7-408C-9D6E-0ADD45939A34}.Release|Any CPU.Build.0 = Release|Any CPU
		{F798999F-09D7-408C-9D6E-0ADD45939A34}.Release|x64.ActiveCfg = Release|Any CPU
		{F798999F-09D7-408C-9D6E-0ADD45939A34}.Release|x64.Build.0 = Release|Any CPU
		{F798999F-09D7-408C-9D6E-0ADD45939A34}.Release|x86.ActiveCfg = Release|Any CPU
		{F798999F-09D7-408C-9D6E-0ADD45939A34}.Release|x86.Build.0 = Release|Any CPU
		{ED8FC2D8-A021-4954-9D0D-8183117ECC8E}.Debug|Any CPU.ActiveCfg = Debug|Any CPU
		{ED8FC2D8-A021-4954-9D0D-8183117ECC8E}.Debug|Any CPU.Build.0 = Debug|Any CPU
		{ED8FC2D8-A021-4954-9D0D-8183117ECC8E}.Debug|x64.ActiveCfg = Debug|Any CPU
		{ED8FC2D8-A021-4954-9D0D-8183117ECC8E}.Debug|x64.Build.0 = Debug|Any CPU
		{ED8FC2D8-A021-4954-9D0D-8183117ECC8E}.Debug|x86.ActiveCfg = Debug|Any CPU
		{ED8FC2D8-A021-4954-9D0D-8183117ECC8E}.Debug|x86.Build.0 = Debug|Any CPU
		{ED8FC2D8-A021-4954-9D0D-8183117ECC8E}.Release|Any CPU.ActiveCfg = Release|Any CPU
		{ED8FC2D8-A021-4954-9D0D-8183117ECC8E}.Release|Any CPU.Build.0 = Release|Any CPU
		{ED8FC2D8-A021-4954-9D0D-8183117ECC8E}.Release|x64.ActiveCfg = Release|Any CPU
		{ED8FC2D8-A021-4954-9D0D-8183117ECC8E}.Release|x64.Build.0 = Release|Any CPU
		{ED8FC2D8-A021-4954-9D0D-8183117ECC8E}.Release|x86.ActiveCfg = Release|Any CPU
		{ED8FC2D8-A021-4954-9D0D-8183117ECC8E}.Release|x86.Build.0 = Release|Any CPU
		{BA2E38CC-840D-4C88-A7EC-DEEFA5D99580}.Debug|Any CPU.ActiveCfg = Debug|Any CPU
		{BA2E38CC-840D-4C88-A7EC-DEEFA5D99580}.Debug|Any CPU.Build.0 = Debug|Any CPU
		{BA2E38CC-840D-4C88-A7EC-DEEFA5D99580}.Debug|x64.ActiveCfg = Debug|Any CPU
		{BA2E38CC-840D-4C88-A7EC-DEEFA5D99580}.Debug|x64.Build.0 = Debug|Any CPU
		{BA2E38CC-840D-4C88-A7EC-DEEFA5D99580}.Debug|x86.ActiveCfg = Debug|Any CPU
		{BA2E38CC-840D-4C88-A7EC-DEEFA5D99580}.Debug|x86.Build.0 = Debug|Any CPU
		{BA2E38CC-840D-4C88-A7EC-DEEFA5D99580}.Release|Any CPU.ActiveCfg = Release|Any CPU
		{BA2E38CC-840D-4C88-A7EC-DEEFA5D99580}.Release|Any CPU.Build.0 = Release|Any CPU
		{BA2E38CC-840D-4C88-A7EC-DEEFA5D99580}.Release|x64.ActiveCfg = Release|Any CPU
		{BA2E38CC-840D-4C88-A7EC-DEEFA5D99580}.Release|x64.Build.0 = Release|Any CPU
		{BA2E38CC-840D-4C88-A7EC-DEEFA5D99580}.Release|x86.ActiveCfg = Release|Any CPU
		{BA2E38CC-840D-4C88-A7EC-DEEFA5D99580}.Release|x86.Build.0 = Release|Any CPU
		{A5CF7F0F-AF6B-41F5-83CB-5713183B9F79}.Debug|Any CPU.ActiveCfg = Debug|Any CPU
		{A5CF7F0F-AF6B-41F5-83CB-5713183B9F79}.Debug|Any CPU.Build.0 = Debug|Any CPU
		{A5CF7F0F-AF6B-41F5-83CB-5713183B9F79}.Debug|x64.ActiveCfg = Debug|Any CPU
		{A5CF7F0F-AF6B-41F5-83CB-5713183B9F79}.Debug|x64.Build.0 = Debug|Any CPU
		{A5CF7F0F-AF6B-41F5-83CB-5713183B9F79}.Debug|x86.ActiveCfg = Debug|Any CPU
		{A5CF7F0F-AF6B-41F5-83CB-5713183B9F79}.Debug|x86.Build.0 = Debug|Any CPU
		{A5CF7F0F-AF6B-41F5-83CB-5713183B9F79}.Release|Any CPU.ActiveCfg = Release|Any CPU
		{A5CF7F0F-AF6B-41F5-83CB-5713183B9F79}.Release|Any CPU.Build.0 = Release|Any CPU
		{A5CF7F0F-AF6B-41F5-83CB-5713183B9F79}.Release|x64.ActiveCfg = Release|Any CPU
		{A5CF7F0F-AF6B-41F5-83CB-5713183B9F79}.Release|x64.Build.0 = Release|Any CPU
		{A5CF7F0F-AF6B-41F5-83CB-5713183B9F79}.Release|x86.ActiveCfg = Release|Any CPU
		{A5CF7F0F-AF6B-41F5-83CB-5713183B9F79}.Release|x86.Build.0 = Release|Any CPU
		{A49F4C0C-51B8-4B51-B719-B078766FD315}.Debug|Any CPU.ActiveCfg = Debug|Any CPU
		{A49F4C0C-51B8-4B51-B719-B078766FD315}.Debug|Any CPU.Build.0 = Debug|Any CPU
		{A49F4C0C-51B8-4B51-B719-B078766FD315}.Debug|x64.ActiveCfg = Debug|Any CPU
		{A49F4C0C-51B8-4B51-B719-B078766FD315}.Debug|x64.Build.0 = Debug|Any CPU
		{A49F4C0C-51B8-4B51-B719-B078766FD315}.Debug|x86.ActiveCfg = Debug|Any CPU
		{A49F4C0C-51B8-4B51-B719-B078766FD315}.Debug|x86.Build.0 = Debug|Any CPU
		{A49F4C0C-51B8-4B51-B719-B078766FD315}.Release|Any CPU.ActiveCfg = Release|Any CPU
		{A49F4C0C-51B8-4B51-B719-B078766FD315}.Release|Any CPU.Build.0 = Release|Any CPU
		{A49F4C0C-51B8-4B51-B719-B078766FD315}.Release|x64.ActiveCfg = Release|Any CPU
		{A49F4C0C-51B8-4B51-B719-B078766FD315}.Release|x64.Build.0 = Release|Any CPU
		{A49F4C0C-51B8-4B51-B719-B078766FD315}.Release|x86.ActiveCfg = Release|Any CPU
		{A49F4C0C-51B8-4B51-B719-B078766FD315}.Release|x86.Build.0 = Release|Any CPU
		{DC570D92-C990-44F7-92FD-12628BE56317}.Debug|Any CPU.ActiveCfg = Debug|Any CPU
		{DC570D92-C990-44F7-92FD-12628BE56317}.Debug|Any CPU.Build.0 = Debug|Any CPU
		{DC570D92-C990-44F7-92FD-12628BE56317}.Debug|x64.ActiveCfg = Debug|Any CPU
		{DC570D92-C990-44F7-92FD-12628BE56317}.Debug|x64.Build.0 = Debug|Any CPU
		{DC570D92-C990-44F7-92FD-12628BE56317}.Debug|x86.ActiveCfg = Debug|Any CPU
		{DC570D92-C990-44F7-92FD-12628BE56317}.Debug|x86.Build.0 = Debug|Any CPU
		{DC570D92-C990-44F7-92FD-12628BE56317}.Release|Any CPU.ActiveCfg = Release|Any CPU
		{DC570D92-C990-44F7-92FD-12628BE56317}.Release|Any CPU.Build.0 = Release|Any CPU
		{DC570D92-C990-44F7-92FD-12628BE56317}.Release|x64.ActiveCfg = Release|Any CPU
		{DC570D92-C990-44F7-92FD-12628BE56317}.Release|x64.Build.0 = Release|Any CPU
		{DC570D92-C990-44F7-92FD-12628BE56317}.Release|x86.ActiveCfg = Release|Any CPU
		{DC570D92-C990-44F7-92FD-12628BE56317}.Release|x86.Build.0 = Release|Any CPU
		{89C46F30-273F-40CC-AC69-018B517EC7AE}.Debug|Any CPU.ActiveCfg = Debug|Any CPU
		{89C46F30-273F-40CC-AC69-018B517EC7AE}.Debug|Any CPU.Build.0 = Debug|Any CPU
		{89C46F30-273F-40CC-AC69-018B517EC7AE}.Debug|x64.ActiveCfg = Debug|Any CPU
		{89C46F30-273F-40CC-AC69-018B517EC7AE}.Debug|x64.Build.0 = Debug|Any CPU
		{89C46F30-273F-40CC-AC69-018B517EC7AE}.Debug|x86.ActiveCfg = Debug|Any CPU
		{89C46F30-273F-40CC-AC69-018B517EC7AE}.Debug|x86.Build.0 = Debug|Any CPU
		{89C46F30-273F-40CC-AC69-018B517EC7AE}.Release|Any CPU.ActiveCfg = Release|Any CPU
		{89C46F30-273F-40CC-AC69-018B517EC7AE}.Release|Any CPU.Build.0 = Release|Any CPU
		{89C46F30-273F-40CC-AC69-018B517EC7AE}.Release|x64.ActiveCfg = Release|Any CPU
		{89C46F30-273F-40CC-AC69-018B517EC7AE}.Release|x64.Build.0 = Release|Any CPU
		{89C46F30-273F-40CC-AC69-018B517EC7AE}.Release|x86.ActiveCfg = Release|Any CPU
		{89C46F30-273F-40CC-AC69-018B517EC7AE}.Release|x86.Build.0 = Release|Any CPU
		{32763803-6390-4DA8-9A8C-554C63F5DC5F}.Debug|Any CPU.ActiveCfg = Debug|Any CPU
		{32763803-6390-4DA8-9A8C-554C63F5DC5F}.Debug|Any CPU.Build.0 = Debug|Any CPU
		{32763803-6390-4DA8-9A8C-554C63F5DC5F}.Debug|x64.ActiveCfg = Debug|Any CPU
		{32763803-6390-4DA8-9A8C-554C63F5DC5F}.Debug|x64.Build.0 = Debug|Any CPU
		{32763803-6390-4DA8-9A8C-554C63F5DC5F}.Debug|x86.ActiveCfg = Debug|Any CPU
		{32763803-6390-4DA8-9A8C-554C63F5DC5F}.Debug|x86.Build.0 = Debug|Any CPU
		{32763803-6390-4DA8-9A8C-554C63F5DC5F}.Release|Any CPU.ActiveCfg = Release|Any CPU
		{32763803-6390-4DA8-9A8C-554C63F5DC5F}.Release|Any CPU.Build.0 = Release|Any CPU
		{32763803-6390-4DA8-9A8C-554C63F5DC5F}.Release|x64.ActiveCfg = Release|Any CPU
		{32763803-6390-4DA8-9A8C-554C63F5DC5F}.Release|x64.Build.0 = Release|Any CPU
		{32763803-6390-4DA8-9A8C-554C63F5DC5F}.Release|x86.ActiveCfg = Release|Any CPU
		{32763803-6390-4DA8-9A8C-554C63F5DC5F}.Release|x86.Build.0 = Release|Any CPU
		{134A7013-30F6-461A-8BC5-01F1F32B2691}.Debug|Any CPU.ActiveCfg = Debug|Any CPU
		{134A7013-30F6-461A-8BC5-01F1F32B2691}.Debug|Any CPU.Build.0 = Debug|Any CPU
		{134A7013-30F6-461A-8BC5-01F1F32B2691}.Debug|x64.ActiveCfg = Debug|Any CPU
		{134A7013-30F6-461A-8BC5-01F1F32B2691}.Debug|x64.Build.0 = Debug|Any CPU
		{134A7013-30F6-461A-8BC5-01F1F32B2691}.Debug|x86.ActiveCfg = Debug|Any CPU
		{134A7013-30F6-461A-8BC5-01F1F32B2691}.Debug|x86.Build.0 = Debug|Any CPU
		{134A7013-30F6-461A-8BC5-01F1F32B2691}.Release|Any CPU.ActiveCfg = Release|Any CPU
		{134A7013-30F6-461A-8BC5-01F1F32B2691}.Release|Any CPU.Build.0 = Release|Any CPU
		{134A7013-30F6-461A-8BC5-01F1F32B2691}.Release|x64.ActiveCfg = Release|Any CPU
		{134A7013-30F6-461A-8BC5-01F1F32B2691}.Release|x64.Build.0 = Release|Any CPU
		{134A7013-30F6-461A-8BC5-01F1F32B2691}.Release|x86.ActiveCfg = Release|Any CPU
		{134A7013-30F6-461A-8BC5-01F1F32B2691}.Release|x86.Build.0 = Release|Any CPU
	EndGlobalSection
	GlobalSection(SolutionProperties) = preSolution
		HideSolutionNode = FALSE
	EndGlobalSection
	GlobalSection(NestedProjects) = preSolution
		{4505DF58-299F-481C-B6BA-50A33EE0DC03} = {B87A730B-9CDB-4FDD-818E-F4D6CE9091CB}
		{E264001F-7CC8-48F3-848D-EFA903BDF071} = {B87A730B-9CDB-4FDD-818E-F4D6CE9091CB}
		{BF3279DD-8B5E-4149-806A-CA0BCE2C07A1} = {6AF35C65-A014-4B73-945C-6730831A8790}
		{EFA6D435-BAD2-4507-9F39-A22056C7CA4D} = {6AF35C65-A014-4B73-945C-6730831A8790}
		{F798999F-09D7-408C-9D6E-0ADD45939A34} = {6AF35C65-A014-4B73-945C-6730831A8790}
		{ED8FC2D8-A021-4954-9D0D-8183117ECC8E} = {FADE8784-9BD1-45A9-8E04-45C1B101A740}
		{BA2E38CC-840D-4C88-A7EC-DEEFA5D99580} = {9EAECDA4-7DAD-4ADE-ACDC-29A50ED65768}
		{A5CF7F0F-AF6B-41F5-83CB-5713183B9F79} = {9EAECDA4-7DAD-4ADE-ACDC-29A50ED65768}
		{A49F4C0C-51B8-4B51-B719-B078766FD315} = {7C6EBC07-EF61-47AD-A23F-F85CBE838B44}
		{DC570D92-C990-44F7-92FD-12628BE56317} = {1F1AE6F2-2DAF-41B5-92EB-F9A9192FA4F1}
	EndGlobalSection
	GlobalSection(ExtensibilityGlobals) = postSolution
		SolutionGuid = {AC7A5AC1-7156-47E5-B0F3-B2BB29CBB923}
	EndGlobalSection
EndGlobal
